
Microsoft Visual Studio Solution File, Format Version 12.00
# Visual Studio 15
VisualStudioVersion = 15.0.27004.2009
MinimumVisualStudioVersion = 10.0.40219.1
Project("{FAE04EC0-301F-11D3-BF4B-00C04F79EFBC}") = "HmhengPicTeller.Android", "HmhengPicTeller\HmhengPicTeller.Android\HmhengPicTeller.Android.csproj", "{A2A5A89B-4BCC-4AEC-B677-77AF982A8338}"
EndProject
Project("{FAE04EC0-301F-11D3-BF4B-00C04F79EFBC}") = "HmhengPicTeller.UWP", "HmhengPicTeller\HmhengPicTeller.UWP\HmhengPicTeller.UWP.csproj", "{138D91E2-D4A3-4194-9627-4125DA228E91}"
EndProject
Project("{FAE04EC0-301F-11D3-BF4B-00C04F79EFBC}") = "HmhengPicTeller.iOS", "HmhengPicTeller\HmhengPicTeller.iOS\HmhengPicTeller.iOS.csproj", "{B1F7B922-D8BE-4EB5-873A-860CB6631FC6}"
EndProject
Project("{FAE04EC0-301F-11D3-BF4B-00C04F79EFBC}") = "HmhengPicTeller.Core", "HmhengPicTeller\HmhengPicTeller.Core\HmhengPicTeller.Core.csproj", "{DD7CF485-72EF-4386-80DA-D3DE36246AF2}"
EndProject
Global
	GlobalSection(SolutionConfigurationPlatforms) = preSolution
		Ad-Hoc|Any CPU = Ad-Hoc|Any CPU
		Ad-Hoc|ARM = Ad-Hoc|ARM
		Ad-Hoc|iPhone = Ad-Hoc|iPhone
		Ad-Hoc|iPhoneSimulator = Ad-Hoc|iPhoneSimulator
		Ad-Hoc|x64 = Ad-Hoc|x64
		Ad-Hoc|x86 = Ad-Hoc|x86
		AppStore|Any CPU = AppStore|Any CPU
		AppStore|ARM = AppStore|ARM
		AppStore|iPhone = AppStore|iPhone
		AppStore|iPhoneSimulator = AppStore|iPhoneSimulator
		AppStore|x64 = AppStore|x64
		AppStore|x86 = AppStore|x86
		Debug|Any CPU = Debug|Any CPU
		Debug|ARM = Debug|ARM
		Debug|iPhone = Debug|iPhone
		Debug|iPhoneSimulator = Debug|iPhoneSimulator
		Debug|x64 = Debug|x64
		Debug|x86 = Debug|x86
		Release|Any CPU = Release|Any CPU
		Release|ARM = Release|ARM
		Release|iPhone = Release|iPhone
		Release|iPhoneSimulator = Release|iPhoneSimulator
		Release|x64 = Release|x64
		Release|x86 = Release|x86
	EndGlobalSection
	GlobalSection(ProjectConfigurationPlatforms) = postSolution
		{A2A5A89B-4BCC-4AEC-B677-77AF982A8338}.Ad-Hoc|Any CPU.ActiveCfg = Release|Any CPU
		{A2A5A89B-4BCC-4AEC-B677-77AF982A8338}.Ad-Hoc|Any CPU.Build.0 = Release|Any CPU
		{A2A5A89B-4BCC-4AEC-B677-77AF982A8338}.Ad-Hoc|Any CPU.Deploy.0 = Release|Any CPU
		{A2A5A89B-4BCC-4AEC-B677-77AF982A8338}.Ad-Hoc|ARM.ActiveCfg = Release|Any CPU
		{A2A5A89B-4BCC-4AEC-B677-77AF982A8338}.Ad-Hoc|ARM.Build.0 = Release|Any CPU
		{A2A5A89B-4BCC-4AEC-B677-77AF982A8338}.Ad-Hoc|ARM.Deploy.0 = Release|Any CPU
		{A2A5A89B-4BCC-4AEC-B677-77AF982A8338}.Ad-Hoc|iPhone.ActiveCfg = Release|Any CPU
		{A2A5A89B-4BCC-4AEC-B677-77AF982A8338}.Ad-Hoc|iPhone.Build.0 = Release|Any CPU
		{A2A5A89B-4BCC-4AEC-B677-77AF982A8338}.Ad-Hoc|iPhone.Deploy.0 = Release|Any CPU
		{A2A5A89B-4BCC-4AEC-B677-77AF982A8338}.Ad-Hoc|iPhoneSimulator.ActiveCfg = Release|Any CPU
		{A2A5A89B-4BCC-4AEC-B677-77AF982A8338}.Ad-Hoc|iPhoneSimulator.Build.0 = Release|Any CPU
		{A2A5A89B-4BCC-4AEC-B677-77AF982A8338}.Ad-Hoc|iPhoneSimulator.Deploy.0 = Release|Any CPU
		{A2A5A89B-4BCC-4AEC-B677-77AF982A8338}.Ad-Hoc|x64.ActiveCfg = Release|Any CPU
		{A2A5A89B-4BCC-4AEC-B677-77AF982A8338}.Ad-Hoc|x64.Build.0 = Release|Any CPU
		{A2A5A89B-4BCC-4AEC-B677-77AF982A8338}.Ad-Hoc|x64.Deploy.0 = Release|Any CPU
		{A2A5A89B-4BCC-4AEC-B677-77AF982A8338}.Ad-Hoc|x86.ActiveCfg = Release|Any CPU
		{A2A5A89B-4BCC-4AEC-B677-77AF982A8338}.Ad-Hoc|x86.Build.0 = Release|Any CPU
		{A2A5A89B-4BCC-4AEC-B677-77AF982A8338}.Ad-Hoc|x86.Deploy.0 = Release|Any CPU
		{A2A5A89B-4BCC-4AEC-B677-77AF982A8338}.AppStore|Any CPU.ActiveCfg = Release|Any CPU
		{A2A5A89B-4BCC-4AEC-B677-77AF982A8338}.AppStore|Any CPU.Build.0 = Release|Any CPU
		{A2A5A89B-4BCC-4AEC-B677-77AF982A8338}.AppStore|Any CPU.Deploy.0 = Release|Any CPU
		{A2A5A89B-4BCC-4AEC-B677-77AF982A8338}.AppStore|ARM.ActiveCfg = Release|Any CPU
		{A2A5A89B-4BCC-4AEC-B677-77AF982A8338}.AppStore|ARM.Build.0 = Release|Any CPU
		{A2A5A89B-4BCC-4AEC-B677-77AF982A8338}.AppStore|ARM.Deploy.0 = Release|Any CPU
		{A2A5A89B-4BCC-4AEC-B677-77AF982A8338}.AppStore|iPhone.ActiveCfg = Release|Any CPU
		{A2A5A89B-4BCC-4AEC-B677-77AF982A8338}.AppStore|iPhone.Build.0 = Release|Any CPU
		{A2A5A89B-4BCC-4AEC-B677-77AF982A8338}.AppStore|iPhone.Deploy.0 = Release|Any CPU
		{A2A5A89B-4BCC-4AEC-B677-77AF982A8338}.AppStore|iPhoneSimulator.ActiveCfg = Release|Any CPU
		{A2A5A89B-4BCC-4AEC-B677-77AF982A8338}.AppStore|iPhoneSimulator.Build.0 = Release|Any CPU
		{A2A5A89B-4BCC-4AEC-B677-77AF982A8338}.AppStore|iPhoneSimulator.Deploy.0 = Release|Any CPU
		{A2A5A89B-4BCC-4AEC-B677-77AF982A8338}.AppStore|x64.ActiveCfg = Release|Any CPU
		{A2A5A89B-4BCC-4AEC-B677-77AF982A8338}.AppStore|x64.Build.0 = Release|Any CPU
		{A2A5A89B-4BCC-4AEC-B677-77AF982A8338}.AppStore|x64.Deploy.0 = Release|Any CPU
		{A2A5A89B-4BCC-4AEC-B677-77AF982A8338}.AppStore|x86.ActiveCfg = Release|Any CPU
		{A2A5A89B-4BCC-4AEC-B677-77AF982A8338}.AppStore|x86.Build.0 = Release|Any CPU
		{A2A5A89B-4BCC-4AEC-B677-77AF982A8338}.AppStore|x86.Deploy.0 = Release|Any CPU
		{A2A5A89B-4BCC-4AEC-B677-77AF982A8338}.Debug|Any CPU.ActiveCfg = Debug|Any CPU
		{A2A5A89B-4BCC-4AEC-B677-77AF982A8338}.Debug|Any CPU.Build.0 = Debug|Any CPU
		{A2A5A89B-4BCC-4AEC-B677-77AF982A8338}.Debug|Any CPU.Deploy.0 = Debug|Any CPU
		{A2A5A89B-4BCC-4AEC-B677-77AF982A8338}.Debug|ARM.ActiveCfg = Debug|Any CPU
		{A2A5A89B-4BCC-4AEC-B677-77AF982A8338}.Debug|ARM.Build.0 = Debug|Any CPU
		{A2A5A89B-4BCC-4AEC-B677-77AF982A8338}.Debug|ARM.Deploy.0 = Debug|Any CPU
		{A2A5A89B-4BCC-4AEC-B677-77AF982A8338}.Debug|iPhone.ActiveCfg = Debug|Any CPU
		{A2A5A89B-4BCC-4AEC-B677-77AF982A8338}.Debug|iPhone.Build.0 = Debug|Any CPU
		{A2A5A89B-4BCC-4AEC-B677-77AF982A8338}.Debug|iPhone.Deploy.0 = Debug|Any CPU
		{A2A5A89B-4BCC-4AEC-B677-77AF982A8338}.Debug|iPhoneSimulator.ActiveCfg = Debug|Any CPU
		{A2A5A89B-4BCC-4AEC-B677-77AF982A8338}.Debug|iPhoneSimulator.Build.0 = Debug|Any CPU
		{A2A5A89B-4BCC-4AEC-B677-77AF982A8338}.Debug|iPhoneSimulator.Deploy.0 = Debug|Any CPU
		{A2A5A89B-4BCC-4AEC-B677-77AF982A8338}.Debug|x64.ActiveCfg = Debug|Any CPU
		{A2A5A89B-4BCC-4AEC-B677-77AF982A8338}.Debug|x64.Build.0 = Debug|Any CPU
		{A2A5A89B-4BCC-4AEC-B677-77AF982A8338}.Debug|x64.Deploy.0 = Debug|Any CPU
		{A2A5A89B-4BCC-4AEC-B677-77AF982A8338}.Debug|x86.ActiveCfg = Debug|Any CPU
		{A2A5A89B-4BCC-4AEC-B677-77AF982A8338}.Debug|x86.Build.0 = Debug|Any CPU
		{A2A5A89B-4BCC-4AEC-B677-77AF982A8338}.Debug|x86.Deploy.0 = Debug|Any CPU
		{A2A5A89B-4BCC-4AEC-B677-77AF982A8338}.Release|Any CPU.ActiveCfg = Release|Any CPU
		{A2A5A89B-4BCC-4AEC-B677-77AF982A8338}.Release|Any CPU.Build.0 = Release|Any CPU
		{A2A5A89B-4BCC-4AEC-B677-77AF982A8338}.Release|Any CPU.Deploy.0 = Release|Any CPU
		{A2A5A89B-4BCC-4AEC-B677-77AF982A8338}.Release|ARM.ActiveCfg = Release|Any CPU
		{A2A5A89B-4BCC-4AEC-B677-77AF982A8338}.Release|ARM.Build.0 = Release|Any CPU
		{A2A5A89B-4BCC-4AEC-B677-77AF982A8338}.Release|ARM.Deploy.0 = Release|Any CPU
		{A2A5A89B-4BCC-4AEC-B677-77AF982A8338}.Release|iPhone.ActiveCfg = Release|Any CPU
		{A2A5A89B-4BCC-4AEC-B677-77AF982A8338}.Release|iPhone.Build.0 = Release|Any CPU
		{A2A5A89B-4BCC-4AEC-B677-77AF982A8338}.Release|iPhone.Deploy.0 = Release|Any CPU
		{A2A5A89B-4BCC-4AEC-B677-77AF982A8338}.Release|iPhoneSimulator.ActiveCfg = Release|Any CPU
		{A2A5A89B-4BCC-4AEC-B677-77AF982A8338}.Release|iPhoneSimulator.Build.0 = Release|Any CPU
		{A2A5A89B-4BCC-4AEC-B677-77AF982A8338}.Release|iPhoneSimulator.Deploy.0 = Release|Any CPU
		{A2A5A89B-4BCC-4AEC-B677-77AF982A8338}.Release|x64.ActiveCfg = Release|Any CPU
		{A2A5A89B-4BCC-4AEC-B677-77AF982A8338}.Release|x64.Build.0 = Release|Any CPU
		{A2A5A89B-4BCC-4AEC-B677-77AF982A8338}.Release|x64.Deploy.0 = Release|Any CPU
		{A2A5A89B-4BCC-4AEC-B677-77AF982A8338}.Release|x86.ActiveCfg = Release|Any CPU
		{A2A5A89B-4BCC-4AEC-B677-77AF982A8338}.Release|x86.Build.0 = Release|Any CPU
		{A2A5A89B-4BCC-4AEC-B677-77AF982A8338}.Release|x86.Deploy.0 = Release|Any CPU
		{138D91E2-D4A3-4194-9627-4125DA228E91}.Ad-Hoc|Any CPU.ActiveCfg = Release|x86
		{138D91E2-D4A3-4194-9627-4125DA228E91}.Ad-Hoc|Any CPU.Build.0 = Release|x86
		{138D91E2-D4A3-4194-9627-4125DA228E91}.Ad-Hoc|Any CPU.Deploy.0 = Release|x86
		{138D91E2-D4A3-4194-9627-4125DA228E91}.Ad-Hoc|ARM.ActiveCfg = Release|ARM
		{138D91E2-D4A3-4194-9627-4125DA228E91}.Ad-Hoc|ARM.Build.0 = Release|ARM
		{138D91E2-D4A3-4194-9627-4125DA228E91}.Ad-Hoc|ARM.Deploy.0 = Release|ARM
		{138D91E2-D4A3-4194-9627-4125DA228E91}.Ad-Hoc|iPhone.ActiveCfg = Release|x86
		{138D91E2-D4A3-4194-9627-4125DA228E91}.Ad-Hoc|iPhone.Build.0 = Release|x86
		{138D91E2-D4A3-4194-9627-4125DA228E91}.Ad-Hoc|iPhone.Deploy.0 = Release|x86
		{138D91E2-D4A3-4194-9627-4125DA228E91}.Ad-Hoc|iPhoneSimulator.ActiveCfg = Release|x86
		{138D91E2-D4A3-4194-9627-4125DA228E91}.Ad-Hoc|iPhoneSimulator.Build.0 = Release|x86
		{138D91E2-D4A3-4194-9627-4125DA228E91}.Ad-Hoc|iPhoneSimulator.Deploy.0 = Release|x86
		{138D91E2-D4A3-4194-9627-4125DA228E91}.Ad-Hoc|x64.ActiveCfg = Release|x64
		{138D91E2-D4A3-4194-9627-4125DA228E91}.Ad-Hoc|x64.Build.0 = Release|x64
		{138D91E2-D4A3-4194-9627-4125DA228E91}.Ad-Hoc|x64.Deploy.0 = Release|x64
		{138D91E2-D4A3-4194-9627-4125DA228E91}.Ad-Hoc|x86.ActiveCfg = Release|x86
		{138D91E2-D4A3-4194-9627-4125DA228E91}.Ad-Hoc|x86.Build.0 = Release|x86
		{138D91E2-D4A3-4194-9627-4125DA228E91}.Ad-Hoc|x86.Deploy.0 = Release|x86
		{138D91E2-D4A3-4194-9627-4125DA228E91}.AppStore|Any CPU.ActiveCfg = Release|x86
		{138D91E2-D4A3-4194-9627-4125DA228E91}.AppStore|Any CPU.Build.0 = Release|x86
		{138D91E2-D4A3-4194-9627-4125DA228E91}.AppStore|Any CPU.Deploy.0 = Release|x86
		{138D91E2-D4A3-4194-9627-4125DA228E91}.AppStore|ARM.ActiveCfg = Release|ARM
		{138D91E2-D4A3-4194-9627-4125DA228E91}.AppStore|ARM.Build.0 = Release|ARM
		{138D91E2-D4A3-4194-9627-4125DA228E91}.AppStore|ARM.Deploy.0 = Release|ARM
		{138D91E2-D4A3-4194-9627-4125DA228E91}.AppStore|iPhone.ActiveCfg = Release|x86
		{138D91E2-D4A3-4194-9627-4125DA228E91}.AppStore|iPhone.Build.0 = Release|x86
		{138D91E2-D4A3-4194-9627-4125DA228E91}.AppStore|iPhone.Deploy.0 = Release|x86
		{138D91E2-D4A3-4194-9627-4125DA228E91}.AppStore|iPhoneSimulator.ActiveCfg = Release|x86
		{138D91E2-D4A3-4194-9627-4125DA228E91}.AppStore|iPhoneSimulator.Build.0 = Release|x86
		{138D91E2-D4A3-4194-9627-4125DA228E91}.AppStore|iPhoneSimulator.Deploy.0 = Release|x86
		{138D91E2-D4A3-4194-9627-4125DA228E91}.AppStore|x64.ActiveCfg = Release|x64
		{138D91E2-D4A3-4194-9627-4125DA228E91}.AppStore|x64.Build.0 = Release|x64
		{138D91E2-D4A3-4194-9627-4125DA228E91}.AppStore|x64.Deploy.0 = Release|x64
		{138D91E2-D4A3-4194-9627-4125DA228E91}.AppStore|x86.ActiveCfg = Release|x86
		{138D91E2-D4A3-4194-9627-4125DA228E91}.AppStore|x86.Build.0 = Release|x86
		{138D91E2-D4A3-4194-9627-4125DA228E91}.AppStore|x86.Deploy.0 = Release|x86
		{138D91E2-D4A3-4194-9627-4125DA228E91}.Debug|Any CPU.ActiveCfg = Debug|x86
		{138D91E2-D4A3-4194-9627-4125DA228E91}.Debug|ARM.ActiveCfg = Debug|ARM
		{138D91E2-D4A3-4194-9627-4125DA228E91}.Debug|ARM.Build.0 = Debug|ARM
		{138D91E2-D4A3-4194-9627-4125DA228E91}.Debug|ARM.Deploy.0 = Debug|ARM
		{138D91E2-D4A3-4194-9627-4125DA228E91}.Debug|iPhone.ActiveCfg = Debug|x86
		{138D91E2-D4A3-4194-9627-4125DA228E91}.Debug|iPhoneSimulator.ActiveCfg = Debug|x86
		{138D91E2-D4A3-4194-9627-4125DA228E91}.Debug|x64.ActiveCfg = Debug|x64
		{138D91E2-D4A3-4194-9627-4125DA228E91}.Debug|x64.Build.0 = Debug|x64
		{138D91E2-D4A3-4194-9627-4125DA228E91}.Debug|x64.Deploy.0 = Debug|x64
		{138D91E2-D4A3-4194-9627-4125DA228E91}.Debug|x86.ActiveCfg = Debug|x86
		{138D91E2-D4A3-4194-9627-4125DA228E91}.Debug|x86.Build.0 = Debug|x86
		{138D91E2-D4A3-4194-9627-4125DA228E91}.Debug|x86.Deploy.0 = Debug|x86
		{138D91E2-D4A3-4194-9627-4125DA228E91}.Release|Any CPU.ActiveCfg = Release|x86
		{138D91E2-D4A3-4194-9627-4125DA228E91}.Release|ARM.ActiveCfg = Release|ARM
		{138D91E2-D4A3-4194-9627-4125DA228E91}.Release|ARM.Build.0 = Release|ARM
		{138D91E2-D4A3-4194-9627-4125DA228E91}.Release|ARM.Deploy.0 = Release|ARM
		{138D91E2-D4A3-4194-9627-4125DA228E91}.Release|iPhone.ActiveCfg = Release|x86
		{138D91E2-D4A3-4194-9627-4125DA228E91}.Release|iPhoneSimulator.ActiveCfg = Release|x86
		{138D91E2-D4A3-4194-9627-4125DA228E91}.Release|x64.ActiveCfg = Release|x64
		{138D91E2-D4A3-4194-9627-4125DA228E91}.Release|x64.Build.0 = Release|x64
		{138D91E2-D4A3-4194-9627-4125DA228E91}.Release|x64.Deploy.0 = Release|x64
		{138D91E2-D4A3-4194-9627-4125DA228E91}.Release|x86.ActiveCfg = Release|x86
		{138D91E2-D4A3-4194-9627-4125DA228E91}.Release|x86.Build.0 = Release|x86
		{138D91E2-D4A3-4194-9627-4125DA228E91}.Release|x86.Deploy.0 = Release|x86
		{B1F7B922-D8BE-4EB5-873A-860CB6631FC6}.Ad-Hoc|Any CPU.ActiveCfg = Ad-Hoc|iPhoneSimulator
		{B1F7B922-D8BE-4EB5-873A-860CB6631FC6}.Ad-Hoc|ARM.ActiveCfg = Ad-Hoc|iPhone
		{B1F7B922-D8BE-4EB5-873A-860CB6631FC6}.Ad-Hoc|iPhone.ActiveCfg = Ad-Hoc|iPhone
		{B1F7B922-D8BE-4EB5-873A-860CB6631FC6}.Ad-Hoc|iPhone.Build.0 = Ad-Hoc|iPhone
		{B1F7B922-D8BE-4EB5-873A-860CB6631FC6}.Ad-Hoc|iPhoneSimulator.ActiveCfg = Ad-Hoc|iPhoneSimulator
		{B1F7B922-D8BE-4EB5-873A-860CB6631FC6}.Ad-Hoc|iPhoneSimulator.Build.0 = Ad-Hoc|iPhoneSimulator
		{B1F7B922-D8BE-4EB5-873A-860CB6631FC6}.Ad-Hoc|x64.ActiveCfg = Ad-Hoc|iPhone
		{B1F7B922-D8BE-4EB5-873A-860CB6631FC6}.Ad-Hoc|x86.ActiveCfg = Ad-Hoc|iPhone
		{B1F7B922-D8BE-4EB5-873A-860CB6631FC6}.AppStore|Any CPU.ActiveCfg = AppStore|iPhoneSimulator
		{B1F7B922-D8BE-4EB5-873A-860CB6631FC6}.AppStore|ARM.ActiveCfg = AppStore|iPhone
		{B1F7B922-D8BE-4EB5-873A-860CB6631FC6}.AppStore|iPhone.ActiveCfg = AppStore|iPhone
		{B1F7B922-D8BE-4EB5-873A-860CB6631FC6}.AppStore|iPhone.Build.0 = AppStore|iPhone
		{B1F7B922-D8BE-4EB5-873A-860CB6631FC6}.AppStore|iPhoneSimulator.ActiveCfg = AppStore|iPhoneSimulator
		{B1F7B922-D8BE-4EB5-873A-860CB6631FC6}.AppStore|iPhoneSimulator.Build.0 = AppStore|iPhoneSimulator
		{B1F7B922-D8BE-4EB5-873A-860CB6631FC6}.AppStore|x64.ActiveCfg = AppStore|iPhone
		{B1F7B922-D8BE-4EB5-873A-860CB6631FC6}.AppStore|x86.ActiveCfg = AppStore|iPhone
		{B1F7B922-D8BE-4EB5-873A-860CB6631FC6}.Debug|Any CPU.ActiveCfg = Debug|iPhoneSimulator
		{B1F7B922-D8BE-4EB5-873A-860CB6631FC6}.Debug|ARM.ActiveCfg = Debug|iPhone
		{B1F7B922-D8BE-4EB5-873A-860CB6631FC6}.Debug|iPhone.ActiveCfg = Debug|iPhone
		{B1F7B922-D8BE-4EB5-873A-860CB6631FC6}.Debug|iPhone.Build.0 = Debug|iPhone
		{B1F7B922-D8BE-4EB5-873A-860CB6631FC6}.Debug|iPhoneSimulator.ActiveCfg = Debug|iPhoneSimulator
		{B1F7B922-D8BE-4EB5-873A-860CB6631FC6}.Debug|iPhoneSimulator.Build.0 = Debug|iPhoneSimulator
		{B1F7B922-D8BE-4EB5-873A-860CB6631FC6}.Debug|x64.ActiveCfg = Debug|iPhone
		{B1F7B922-D8BE-4EB5-873A-860CB6631FC6}.Debug|x86.ActiveCfg = Debug|iPhone
		{B1F7B922-D8BE-4EB5-873A-860CB6631FC6}.Release|Any CPU.ActiveCfg = Release|iPhoneSimulator
		{B1F7B922-D8BE-4EB5-873A-860CB6631FC6}.Release|ARM.ActiveCfg = Release|iPhone
		{B1F7B922-D8BE-4EB5-873A-860CB6631FC6}.Release|iPhone.ActiveCfg = Release|iPhone
		{B1F7B922-D8BE-4EB5-873A-860CB6631FC6}.Release|iPhone.Build.0 = Release|iPhone
		{B1F7B922-D8BE-4EB5-873A-860CB6631FC6}.Release|iPhoneSimulator.ActiveCfg = Release|iPhoneSimulator
		{B1F7B922-D8BE-4EB5-873A-860CB6631FC6}.Release|iPhoneSimulator.Build.0 = Release|iPhoneSimulator
		{B1F7B922-D8BE-4EB5-873A-860CB6631FC6}.Release|x64.ActiveCfg = Release|iPhone
		{B1F7B922-D8BE-4EB5-873A-860CB6631FC6}.Release|x86.ActiveCfg = Release|iPhone
		{DD7CF485-72EF-4386-80DA-D3DE36246AF2}.Ad-Hoc|Any CPU.ActiveCfg = Debug|Any CPU
		{DD7CF485-72EF-4386-80DA-D3DE36246AF2}.Ad-Hoc|Any CPU.Build.0 = Debug|Any CPU
		{DD7CF485-72EF-4386-80DA-D3DE36246AF2}.Ad-Hoc|ARM.ActiveCfg = Debug|Any CPU
		{DD7CF485-72EF-4386-80DA-D3DE36246AF2}.Ad-Hoc|ARM.Build.0 = Debug|Any CPU
		{DD7CF485-72EF-4386-80DA-D3DE36246AF2}.Ad-Hoc|iPhone.ActiveCfg = Debug|Any CPU
		{DD7CF485-72EF-4386-80DA-D3DE36246AF2}.Ad-Hoc|iPhone.Build.0 = Debug|Any CPU
		{DD7CF485-72EF-4386-80DA-D3DE36246AF2}.Ad-Hoc|iPhoneSimulator.ActiveCfg = Debug|Any CPU
		{DD7CF485-72EF-4386-80DA-D3DE36246AF2}.Ad-Hoc|iPhoneSimulator.Build.0 = Debug|Any CPU
		{DD7CF485-72EF-4386-80DA-D3DE36246AF2}.Ad-Hoc|x64.ActiveCfg = Debug|Any CPU
		{DD7CF485-72EF-4386-80DA-D3DE36246AF2}.Ad-Hoc|x64.Build.0 = Debug|Any CPU
		{DD7CF485-72EF-4386-80DA-D3DE36246AF2}.Ad-Hoc|x86.ActiveCfg = Debug|Any CPU
		{DD7CF485-72EF-4386-80DA-D3DE36246AF2}.Ad-Hoc|x86.Build.0 = Debug|Any CPU
		{DD7CF485-72EF-4386-80DA-D3DE36246AF2}.AppStore|Any CPU.ActiveCfg = Debug|Any CPU
		{DD7CF485-72EF-4386-80DA-D3DE36246AF2}.AppStore|Any CPU.Build.0 = Debug|Any CPU
		{DD7CF485-72EF-4386-80DA-D3DE36246AF2}.AppStore|ARM.ActiveCfg = Debug|Any CPU
		{DD7CF485-72EF-4386-80DA-D3DE36246AF2}.AppStore|ARM.Build.0 = Debug|Any CPU
		{DD7CF485-72EF-4386-80DA-D3DE36246AF2}.AppStore|iPhone.ActiveCfg = Debug|Any CPU
		{DD7CF485-72EF-4386-80DA-D3DE36246AF2}.AppStore|iPhone.Build.0 = Debug|Any CPU
		{DD7CF485-72EF-4386-80DA-D3DE36246AF2}.AppStore|iPhoneSimulator.ActiveCfg = Debug|Any CPU
		{DD7CF485-72EF-4386-80DA-D3DE36246AF2}.AppStore|iPhoneSimulator.Build.0 = Debug|Any CPU
		{DD7CF485-72EF-4386-80DA-D3DE36246AF2}.AppStore|x64.ActiveCfg = Debug|Any CPU
		{DD7CF485-72EF-4386-80DA-D3DE36246AF2}.AppStore|x64.Build.0 = Debug|Any CPU
		{DD7CF485-72EF-4386-80DA-D3DE36246AF2}.AppStore|x86.ActiveCfg = Debug|Any CPU
		{DD7CF485-72EF-4386-80DA-D3DE36246AF2}.AppStore|x86.Build.0 = Debug|Any CPU
		{DD7CF485-72EF-4386-80DA-D3DE36246AF2}.Debug|Any CPU.ActiveCfg = Debug|Any CPU
		{DD7CF485-72EF-4386-80DA-D3DE36246AF2}.Debug|Any CPU.Build.0 = Debug|Any CPU
		{DD7CF485-72EF-4386-80DA-D3DE36246AF2}.Debug|ARM.ActiveCfg = Debug|Any CPU
		{DD7CF485-72EF-4386-80DA-D3DE36246AF2}.Debug|ARM.Build.0 = Debug|Any CPU
		{DD7CF485-72EF-4386-80DA-D3DE36246AF2}.Debug|iPhone.ActiveCfg = Debug|Any CPU
		{DD7CF485-72EF-4386-80DA-D3DE36246AF2}.Debug|iPhone.Build.0 = Debug|Any CPU
		{DD7CF485-72EF-4386-80DA-D3DE36246AF2}.Debug|iPhoneSimulator.ActiveCfg = Debug|Any CPU
		{DD7CF485-72EF-4386-80DA-D3DE36246AF2}.Debug|iPhoneSimulator.Build.0 = Debug|Any CPU
		{DD7CF485-72EF-4386-80DA-D3DE36246AF2}.Debug|x64.ActiveCfg = Debug|Any CPU
		{DD7CF485-72EF-4386-80DA-D3DE36246AF2}.Debug|x64.Build.0 = Debug|Any CPU
		{DD7CF485-72EF-4386-80DA-D3DE36246AF2}.Debug|x86.ActiveCfg = Debug|Any CPU
		{DD7CF485-72EF-4386-80DA-D3DE36246AF2}.Debug|x86.Build.0 = Debug|Any CPU
		{DD7CF485-72EF-4386-80DA-D3DE36246AF2}.Release|Any CPU.ActiveCfg = Release|Any CPU
		{DD7CF485-72EF-4386-80DA-D3DE36246AF2}.Release|Any CPU.Build.0 = Release|Any CPU
		{DD7CF485-72EF-4386-80DA-D3DE36246AF2}.Release|ARM.ActiveCfg = Release|Any CPU
		{DD7CF485-72EF-4386-80DA-D3DE36246AF2}.Release|ARM.Build.0 = Release|Any CPU
		{DD7CF485-72EF-4386-80DA-D3DE36246AF2}.Release|iPhone.ActiveCfg = Release|Any CPU
		{DD7CF485-72EF-4386-80DA-D3DE36246AF2}.Release|iPhone.Build.0 = Release|Any CPU
		{DD7CF485-72EF-4386-80DA-D3DE36246AF2}.Release|iPhoneSimulator.ActiveCfg = Release|Any CPU
		{DD7CF485-72EF-4386-80DA-D3DE36246AF2}.Release|iPhoneSimulator.Build.0 = Release|Any CPU
		{DD7CF485-72EF-4386-80DA-D3DE36246AF2}.Release|x64.ActiveCfg = Release|Any CPU
		{DD7CF485-72EF-4386-80DA-D3DE36246AF2}.Release|x64.Build.0 = Release|Any CPU
		{DD7CF485-72EF-4386-80DA-D3DE36246AF2}.Release|x86.ActiveCfg = Release|Any CPU
		{DD7CF485-72EF-4386-80DA-D3DE36246AF2}.Release|x86.Build.0 = Release|Any CPU
	EndGlobalSection
	GlobalSection(SolutionProperties) = preSolution
		HideSolutionNode = FALSE
	EndGlobalSection
	GlobalSection(ExtensibilityGlobals) = postSolution
		SolutionGuid = {5E0F466C-F52E-44EB-A701-A6B9D2F38DE2}
	EndGlobalSection
EndGlobal
